
Microsoft Visual Studio Solution File, Format Version 12.00
# Visual Studio Version 16
VisualStudioVersion = 16.0.31205.134
MinimumVisualStudioVersion = 10.0.40219.1
Project("{FAE04EC0-301F-11D3-BF4B-00C04F79EFBC}") = "OneShotHeadshot", "OneShotHeadshot\OneShotHeadshot.csproj", "{004707F7-58C8-4C79-8049-450F17DB9F83}"
EndProject
Global
	GlobalSection(SolutionConfigurationPlatforms) = preSolution
		Debug|Any CPU = Debug|Any CPU
		Release|Any CPU = Release|Any CPU
	EndGlobalSection
	GlobalSection(ProjectConfigurationPlatforms) = postSolution
		{004707F7-58C8-4C79-8049-450F17DB9F83}.Debug|Any CPU.ActiveCfg = Release|Any CPU
		{004707F7-58C8-4C79-8049-450F17DB9F83}.Debug|Any CPU.Build.0 = Release|Any CPU
		{004707F7-58C8-4C79-8049-450F17DB9F83}.Release|Any CPU.ActiveCfg = Release|Any CPU
		{004707F7-58C8-4C79-8049-450F17DB9F83}.Release|Any CPU.Build.0 = Release|Any CPU
	EndGlobalSection
	GlobalSection(SolutionProperties) = preSolution
		HideSolutionNode = FALSE
	EndGlobalSection
	GlobalSection(ExtensibilityGlobals) = postSolution
		SolutionGuid = {8287467D-76BE-49F6-AD0A-974942186EC5}
	EndGlobalSection
EndGlobal
